
Microsoft Visual Studio Solution File, Format Version 12.00
# Visual Studio 2012
Project("{8BC9CEB8-8B4A-11D0-8D11-00A0C91BC942}") = "CPlusLab", "CPlusLab\CPlusLab.vcxproj", "{61524210-3469-46EF-B67D-E07FF8C1AE55}"
EndProject
Project("{8BC9CEB8-8B4A-11D0-8D11-00A0C91BC942}") = "ConsoleApplication", "ConsoleApplication\ConsoleApplication.vcxproj", "{8D5B8E4F-E9FE-4F02-B142-F1DB8684BD55}"
EndProject
Global
	GlobalSection(SolutionConfigurationPlatforms) = preSolution
		Debug|Win32 = Debug|Win32
		Release|Win32 = Release|Win32
	EndGlobalSection
	GlobalSection(ProjectConfigurationPlatforms) = postSolution
		{61524210-3469-46EF-B67D-E07FF8C1AE55}.Debug|Win32.ActiveCfg = Debug|Win32
		{61524210-3469-46EF-B67D-E07FF8C1AE55}.Debug|Win32.Build.0 = Debug|Win32
		{61524210-3469-46EF-B67D-E07FF8C1AE55}.Release|Win32.ActiveCfg = Release|Win32
		{61524210-3469-46EF-B67D-E07FF8C1AE55}.Release|Win32.Build.0 = Release|Win32
		{8D5B8E4F-E9FE-4F02-B142-F1DB8684BD55}.Debug|Win32.ActiveCfg = Debug|Win32
		{8D5B8E4F-E9FE-4F02-B142-F1DB8684BD55}.Debug|Win32.Build.0 = Debug|Win32
		{8D5B8E4F-E9FE-4F02-B142-F1DB8684BD55}.Release|Win32.ActiveCfg = Release|Win32
		{8D5B8E4F-E9FE-4F02-B142-F1DB8684BD55}.Release|Win32.Build.0 = Release|Win32
	EndGlobalSection
	GlobalSection(SolutionProperties) = preSolution
		HideSolutionNode = FALSE
	EndGlobalSection
EndGlobal
